
Microsoft Visual Studio Solution File, Format Version 12.00
# Visual Studio Version 17
VisualStudioVersion = 17.10.35013.160
MinimumVisualStudioVersion = 10.0.40219.1
Project("{9A19103F-16F7-4668-BE54-9A1E7A4F7556}") = "WebApiDemo", "WebApiDemo\WebApiDemo.csproj", "{E86A23A3-8F9D-4178-BDA1-6CD35937709E}"
EndProject
Project("{FAE04EC0-301F-11D3-BF4B-00C04F79EFBC}") = "MvcClientApp", "MvcClientApp\MvcClientApp.csproj", "{4E84D78D-B561-41BA-BB9F-9423EFB37CF2}"
EndProject
Global
	GlobalSection(SolutionConfigurationPlatforms) = preSolution
		Debug|Any CPU = Debug|Any CPU
		Release|Any CPU = Release|Any CPU
	EndGlobalSection
	GlobalSection(ProjectConfigurationPlatforms) = postSolution
		{E86A23A3-8F9D-4178-BDA1-6CD35937709E}.Debug|Any CPU.ActiveCfg = Debug|Any CPU
		{E86A23A3-8F9D-4178-BDA1-6CD35937709E}.Debug|Any CPU.Build.0 = Debug|Any CPU
		{E86A23A3-8F9D-4178-BDA1-6CD35937709E}.Release|Any CPU.ActiveCfg = Release|Any CPU
		{E86A23A3-8F9D-4178-BDA1-6CD35937709E}.Release|Any CPU.Build.0 = Release|Any CPU
		{4E84D78D-B561-41BA-BB9F-9423EFB37CF2}.Debug|Any CPU.ActiveCfg = Debug|Any CPU
		{4E84D78D-B561-41BA-BB9F-9423EFB37CF2}.Debug|Any CPU.Build.0 = Debug|Any CPU
		{4E84D78D-B561-41BA-BB9F-9423EFB37CF2}.Release|Any CPU.ActiveCfg = Release|Any CPU
		{4E84D78D-B561-41BA-BB9F-9423EFB37CF2}.Release|Any CPU.Build.0 = Release|Any CPU
	EndGlobalSection
	GlobalSection(SolutionProperties) = preSolution
		HideSolutionNode = FALSE
	EndGlobalSection
	GlobalSection(ExtensibilityGlobals) = postSolution
		SolutionGuid = {E86C04D7-3BFA-4CF5-8A97-AE6DE1E1A2B2}
	EndGlobalSection
EndGlobal
