
Microsoft Visual Studio Solution File, Format Version 12.00
# Visual Studio Version 17
VisualStudioVersion = 17.10.35013.160
MinimumVisualStudioVersion = 10.0.40219.1
Project("{FAE04EC0-301F-11D3-BF4B-00C04F79EFBC}") = "EfCoreDemo", "EfCoreDemo\EfCoreDemo.csproj", "{30D06BD4-9A7B-42AB-8F5B-17B414654866}"
EndProject
Global
	GlobalSection(SolutionConfigurationPlatforms) = preSolution
		Debug|Any CPU = Debug|Any CPU
		Release|Any CPU = Release|Any CPU
	EndGlobalSection
	GlobalSection(ProjectConfigurationPlatforms) = postSolution
		{30D06BD4-9A7B-42AB-8F5B-17B414654866}.Debug|Any CPU.ActiveCfg = Debug|Any CPU
		{30D06BD4-9A7B-42AB-8F5B-17B414654866}.Debug|Any CPU.Build.0 = Debug|Any CPU
		{30D06BD4-9A7B-42AB-8F5B-17B414654866}.Release|Any CPU.ActiveCfg = Release|Any CPU
		{30D06BD4-9A7B-42AB-8F5B-17B414654866}.Release|Any CPU.Build.0 = Release|Any CPU
	EndGlobalSection
	GlobalSection(SolutionProperties) = preSolution
		HideSolutionNode = FALSE
	EndGlobalSection
	GlobalSection(ExtensibilityGlobals) = postSolution
		SolutionGuid = {0BF56761-F84C-49C5-A559-821F8C870309}
	EndGlobalSection
EndGlobal
